
Microsoft Visual Studio Solution File, Format Version 12.00
Project("{FAE04EC0-301F-11D3-BF4B-00C04F79EFBC}") = "SpaceWizards.RsiLib", "SpaceWizards.RsiLib\SpaceWizards.RsiLib.csproj", "{2C480F9E-FAEB-4A6C-AB31-426D822D5155}"
EndProject
Project("{FAE04EC0-301F-11D3-BF4B-00C04F79EFBC}") = "SpaceWizards.RsiLib.Tests", "SpaceWizards.RsiLib.Tests\SpaceWizards.RsiLib.Tests.csproj", "{0F444C64-D873-4088-A1BA-F315A8EFB544}"
EndProject
Global
	GlobalSection(SolutionConfigurationPlatforms) = preSolution
		Debug|Any CPU = Debug|Any CPU
		Release|Any CPU = Release|Any CPU
	EndGlobalSection
	GlobalSection(ProjectConfigurationPlatforms) = postSolution
		{2C480F9E-FAEB-4A6C-AB31-426D822D5155}.Debug|Any CPU.ActiveCfg = Debug|Any CPU
		{2C480F9E-FAEB-4A6C-AB31-426D822D5155}.Debug|Any CPU.Build.0 = Debug|Any CPU
		{2C480F9E-FAEB-4A6C-AB31-426D822D5155}.Release|Any CPU.ActiveCfg = Release|Any CPU
		{2C480F9E-FAEB-4A6C-AB31-426D822D5155}.Release|Any CPU.Build.0 = Release|Any CPU
		{0F444C64-D873-4088-A1BA-F315A8EFB544}.Debug|Any CPU.ActiveCfg = Debug|Any CPU
		{0F444C64-D873-4088-A1BA-F315A8EFB544}.Debug|Any CPU.Build.0 = Debug|Any CPU
		{0F444C64-D873-4088-A1BA-F315A8EFB544}.Release|Any CPU.ActiveCfg = Release|Any CPU
		{0F444C64-D873-4088-A1BA-F315A8EFB544}.Release|Any CPU.Build.0 = Release|Any CPU
	EndGlobalSection
EndGlobal
